// !$*UTF8*$!
{
	archiveVersion = 1;
	classes = {
	};
	objectVersion = 46;
	objects = {

/* Begin PBXBuildFile section */
		3482D29C1D43D9C7005BEBF9 /* AppDelegate.swift in Sources */ = {isa = PBXBuildFile; fileRef = 3482D29B1D43D9C7005BEBF9 /* AppDelegate.swift */; };
		3482D29E1D43D9C7005BEBF9 /* ViewController.swift in Sources */ = {isa = PBXBuildFile; fileRef = 3482D29D1D43D9C7005BEBF9 /* ViewController.swift */; };
		3482D2A11D43D9C7005BEBF9 /* Main.storyboard in Resources */ = {isa = PBXBuildFile; fileRef = 3482D29F1D43D9C7005BEBF9 /* Main.storyboard */; };
		3482D2A31D43D9C7005BEBF9 /* Assets.xcassets in Resources */ = {isa = PBXBuildFile; fileRef = 3482D2A21D43D9C7005BEBF9 /* Assets.xcassets */; };
		3482D2A61D43D9C8005BEBF9 /* LaunchScreen.storyboard in Resources */ = {isa = PBXBuildFile; fileRef = 3482D2A41D43D9C8005BEBF9 /* LaunchScreen.storyboard */; };
		3482D2B11D43D9C8005BEBF9 /* Virtual_TouristTests.swift in Sources */ = {isa = PBXBuildFile; fileRef = 3482D2B01D43D9C8005BEBF9 /* Virtual_TouristTests.swift */; };
		3482D2BC1D43D9C8005BEBF9 /* Virtual_TouristUITests.swift in Sources */ = {isa = PBXBuildFile; fileRef = 3482D2BB1D43D9C8005BEBF9 /* Virtual_TouristUITests.swift */; };
/* End PBXBuildFile section */

/* Begin PBXContainerItemProxy section */
		3482D2AD1D43D9C8005BEBF9 /* PBXContainerItemProxy */ = {
			isa = PBXContainerItemProxy;
			containerPortal = 3482D2901D43D9C7005BEBF9 /* Project object */;
			proxyType = 1;
			remoteGlobalIDString = 3482D2971D43D9C7005BEBF9;
			remoteInfo = "Virtual Tourist";
		};
		3482D2B81D43D9C8005BEBF9 /* PBXContainerItemProxy */ = {
			isa = PBXContainerItemProxy;
			containerPortal = 3482D2901D43D9C7005BEBF9 /* Project object */;
			proxyType = 1;
			remoteGlobalIDString = 3482D2971D43D9C7005BEBF9;
			remoteInfo = "Virtual Tourist";
		};
/* End PBXContainerItemProxy section */

/* Begin PBXFileReference section */
		3482D2981D43D9C7005BEBF9 /* Virtual Tourist.app */ = {isa = PBXFileReference; explicitFileType = wrapper.application; includeInIndex = 0; path = "Virtual Tourist.app"; sourceTree = BUILT_PRODUCTS_DIR; };
		3482D29B1D43D9C7005BEBF9 /* AppDelegate.swift */ = {isa = PBXFileReference; lastKnownFileType = sourcecode.swift; path = AppDelegate.swift; sourceTree = "<group>"; };
		3482D29D1D43D9C7005BEBF9 /* ViewController.swift */ = {isa = PBXFileReference; lastKnownFileType = sourcecode.swift; path = ViewController.swift; sourceTree = "<group>"; };
		3482D2A01D43D9C7005BEBF9 /* Base */ = {isa = PBXFileReference; lastKnownFileType = file.storyboard; name = Base; path = Base.lproj/Main.storyboard; sourceTree = "<group>"; };
		3482D2A21D43D9C7005BEBF9 /* Assets.xcassets */ = {isa = PBXFileReference; lastKnownFileType = folder.assetcatalog; path = Assets.xcassets; sourceTree = "<group>"; };
		3482D2A51D43D9C8005BEBF9 /* Base */ = {isa = PBXFileReference; lastKnownFileType = file.storyboard; name = Base; path = Base.lproj/LaunchScreen.storyboard; sourceTree = "<group>"; };
		3482D2A71D43D9C8005BEBF9 /* Info.plist */ = {isa = PBXFileReference; lastKnownFileType = text.plist.xml; path = Info.plist; sourceTree = "<group>"; };
		3482D2AC1D43D9C8005BEBF9 /* Virtual TouristTests.xctest */ = {isa = PBXFileReference; explicitFileType = wrapper.cfbundle; includeInIndex = 0; path = "Virtual TouristTests.xctest"; sourceTree = BUILT_PRODUCTS_DIR; };
		3482D2B01D43D9C8005BEBF9 /* Virtual_TouristTests.swift */ = {isa = PBXFileReference; lastKnownFileType = sourcecode.swift; path = Virtual_TouristTests.swift; sourceTree = "<group>"; };
		3482D2B21D43D9C8005BEBF9 /* Info.plist */ = {isa = PBXFileReference; lastKnownFileType = text.plist.xml; path = Info.plist; sourceTree = "<group>"; };
		3482D2B71D43D9C8005BEBF9 /* Virtual TouristUITests.xctest */ = {isa = PBXFileReference; explicitFileType = wrapper.cfbundle; includeInIndex = 0; path = "Virtual TouristUITests.xctest"; sourceTree = BUILT_PRODUCTS_DIR; };
		3482D2BB1D43D9C8005BEBF9 /* Virtual_TouristUITests.swift */ = {isa = PBXFileReference; lastKnownFileType = sourcecode.swift; path = Virtual_TouristUITests.swift; sourceTree = "<group>"; };
		3482D2BD1D43D9C8005BEBF9 /* Info.plist */ = {isa = PBXFileReference; lastKnownFileType = text.plist.xml; path = Info.plist; sourceTree = "<group>"; };
/* End PBXFileReference section */

/* Begin PBXFrameworksBuildPhase section */
		3482D2951D43D9C7005BEBF9 /* Frameworks */ = {
			isa = PBXFrameworksBuildPhase;
			buildActionMask = 2147483647;
			files = (
			);
			runOnlyForDeploymentPostprocessing = 0;
		};
		3482D2A91D43D9C8005BEBF9 /* Frameworks */ = {
			isa = PBXFrameworksBuildPhase;
			buildActionMask = 2147483647;
			files = (
			);
			runOnlyForDeploymentPostprocessing = 0;
		};
		3482D2B41D43D9C8005BEBF9 /* Frameworks */ = {
			isa = PBXFrameworksBuildPhase;
			buildActionMask = 2147483647;
			files = (
			);
			runOnlyForDeploymentPostprocessing = 0;
		};
/* End PBXFrameworksBuildPhase section */

/* Begin PBXGroup section */
		3482D28F1D43D9C7005BEBF9 = {
			isa = PBXGroup;
			children = (
				3482D29A1D43D9C7005BEBF9 /* Virtual Tourist */,
				3482D2AF1D43D9C8005BEBF9 /* Virtual TouristTests */,
				3482D2BA1D43D9C8005BEBF9 /* Virtual TouristUITests */,
				3482D2991D43D9C7005BEBF9 /* Products */,
			);
			sourceTree = "<group>";
		};
		3482D2991D43D9C7005BEBF9 /* Products */ = {
			isa = PBXGroup;
			children = (
				3482D2981D43D9C7005BEBF9 /* Virtual Tourist.app */,
				3482D2AC1D43D9C8005BEBF9 /* Virtual TouristTests.xctest */,
				3482D2B71D43D9C8005BEBF9 /* Virtual TouristUITests.xctest */,
			);
			name = Products;
			sourceTree = "<group>";
		};
		3482D29A1D43D9C7005BEBF9 /* Virtual Tourist */ = {
			isa = PBXGroup;
			children = (
				3482D29B1D43D9C7005BEBF9 /* AppDelegate.swift */,
				3482D29D1D43D9C7005BEBF9 /* ViewController.swift */,
				3482D29F1D43D9C7005BEBF9 /* Main.storyboard */,
				3482D2A21D43D9C7005BEBF9 /* Assets.xcassets */,
				3482D2A41D43D9C8005BEBF9 /* LaunchScreen.storyboard */,
				3482D2A71D43D9C8005BEBF9 /* Info.plist */,
			);
			path = "Virtual Tourist";
			sourceTree = "<group>";
		};
		3482D2AF1D43D9C8005BEBF9 /* Virtual TouristTests */ = {
			isa = PBXGroup;
			children = (
				3482D2B01D43D9C8005BEBF9 /* Virtual_TouristTests.swift */,
				3482D2B21D43D9C8005BEBF9 /* Info.plist */,
			);
			path = "Virtual TouristTests";
			sourceTree = "<group>";
		};
		3482D2BA1D43D9C8005BEBF9 /* Virtual TouristUITests */ = {
			isa = PBXGroup;
			children = (
				3482D2BB1D43D9C8005BEBF9 /* Virtual_TouristUITests.swift */,
				3482D2BD1D43D9C8005BEBF9 /* Info.plist */,
			);
			path = "Virtual TouristUITests";
			sourceTree = "<group>";
		};
/* End PBXGroup section */

/* Begin PBXNativeTarget section */
		3482D2971D43D9C7005BEBF9 /* Virtual Tourist */ = {
			isa = PBXNativeTarget;
			buildConfigurationList = 3482D2C01D43D9C8005BEBF9 /* Build configuration list for PBXNativeTarget "Virtual Tourist" */;
			buildPhases = (
				3482D2941D43D9C7005BEBF9 /* Sources */,
				3482D2951D43D9C7005BEBF9 /* Frameworks */,
				3482D2961D43D9C7005BEBF9 /* Resources */,
			);
			buildRules = (
			);
			dependencies = (
			);
			name = "Virtual Tourist";
			productName = "Virtual Tourist";
			productReference = 3482D2981D43D9C7005BEBF9 /* Virtual Tourist.app */;
			productType = "com.apple.product-type.application";
		};
		3482D2AB1D43D9C8005BEBF9 /* Virtual TouristTests */ = {
			isa = PBXNativeTarget;
			buildConfigurationList = 3482D2C31D43D9C8005BEBF9 /* Build configuration list for PBXNativeTarget "Virtual TouristTests" */;
			buildPhases = (
				3482D2A81D43D9C8005BEBF9 /* Sources */,
				3482D2A91D43D9C8005BEBF9 /* Frameworks */,
				3482D2AA1D43D9C8005BEBF9 /* Resources */,
			);
			buildRules = (
			);
			dependencies = (
				3482D2AE1D43D9C8005BEBF9 /* PBXTargetDependency */,
			);
			name = "Virtual TouristTests";
			productName = "Virtual TouristTests";
			productReference = 3482D2AC1D43D9C8005BEBF9 /* Virtual TouristTests.xctest */;
			productType = "com.apple.product-type.bundle.unit-test";
		};
		3482D2B61D43D9C8005BEBF9 /* Virtual TouristUITests */ = {
			isa = PBXNativeTarget;
			buildConfigurationList = 3482D2C61D43D9C8005BEBF9 /* Build configuration list for PBXNativeTarget "Virtual TouristUITests" */;
			buildPhases = (
				3482D2B31D43D9C8005BEBF9 /* Sources */,
				3482D2B41D43D9C8005BEBF9 /* Frameworks */,
				3482D2B51D43D9C8005BEBF9 /* Resources */,
			);
			buildRules = (
			);
			dependencies = (
				3482D2B91D43D9C8005BEBF9 /* PBXTargetDependency */,
			);
			name = "Virtual TouristUITests";
			productName = "Virtual TouristUITests";
			productReference = 3482D2B71D43D9C8005BEBF9 /* Virtual TouristUITests.xctest */;
			productType = "com.apple.product-type.bundle.ui-testing";
		};
/* End PBXNativeTarget section */

/* Begin PBXProject section */
		3482D2901D43D9C7005BEBF9 /* Project object */ = {
			isa = PBXProject;
			attributes = {
				LastSwiftUpdateCheck = 0730;
				LastUpgradeCheck = 0730;
				ORGANIZATIONNAME = "Daniel Brand";
				TargetAttributes = {
					3482D2971D43D9C7005BEBF9 = {
						CreatedOnToolsVersion = 7.3.1;
					};
					3482D2AB1D43D9C8005BEBF9 = {
						CreatedOnToolsVersion = 7.3.1;
						TestTargetID = 3482D2971D43D9C7005BEBF9;
					};
					3482D2B61D43D9C8005BEBF9 = {
						CreatedOnToolsVersion = 7.3.1;
						TestTargetID = 3482D2971D43D9C7005BEBF9;
					};
				};
			};
			buildConfigurationList = 3482D2931D43D9C7005BEBF9 /* Build configuration list for PBXProject "Virtual Tourist" */;
			compatibilityVersion = "Xcode 3.2";
			developmentRegion = English;
			hasScannedForEncodings = 0;
			knownRegions = (
				en,
				Base,
			);
			mainGroup = 3482D28F1D43D9C7005BEBF9;
			productRefGroup = 3482D2991D43D9C7005BEBF9 /* Products */;
			projectDirPath = "";
			projectRoot = "";
			targets = (
				3482D2971D43D9C7005BEBF9 /* Virtual Tourist */,
				3482D2AB1D43D9C8005BEBF9 /* Virtual TouristTests */,
				3482D2B61D43D9C8005BEBF9 /* Virtual TouristUITests */,
			);
		};
/* End PBXProject section */

/* Begin PBXResourcesBuildPhase section */
		3482D2961D43D9C7005BEBF9 /* Resources */ = {
			isa = PBXResourcesBuildPhase;
			buildActionMask = 2147483647;
			files = (
				3482D2A61D43D9C8005BEBF9 /* LaunchScreen.storyboard in Resources */,
				3482D2A31D43D9C7005BEBF9 /* Assets.xcassets in Resources */,
				3482D2A11D43D9C7005BEBF9 /* Main.storyboard in Resources */,
			);
			runOnlyForDeploymentPostprocessing = 0;
		};
		3482D2AA1D43D9C8005BEBF9 /* Resources */ = {
			isa = PBXResourcesBuildPhase;
			buildActionMask = 2147483647;
			files = (
			);
			runOnlyForDeploymentPostprocessing = 0;
		};
		3482D2B51D43D9C8005BEBF9 /* Resources */ = {
			isa = PBXResourcesBuildPhase;
			buildActionMask = 2147483647;
			files = (
			);
			runOnlyForDeploymentPostprocessing = 0;
		};
/* End PBXResourcesBuildPhase section */

/* Begin PBXSourcesBuildPhase section */
		3482D2941D43D9C7005BEBF9 /* Sources */ = {
			isa = PBXSourcesBuildPhase;
			buildActionMask = 2147483647;
			files = (
				3482D29E1D43D9C7005BEBF9 /* ViewController.swift in Sources */,
				3482D29C1D43D9C7005BEBF9 /* AppDelegate.swift in Sources */,
			);
			runOnlyForDeploymentPostprocessing = 0;
		};
		3482D2A81D43D9C8005BEBF9 /* Sources */ = {
			isa = PBXSourcesBuildPhase;
			buildActionMask = 2147483647;
			files = (
				3482D2B11D43D9C8005BEBF9 /* Virtual_TouristTests.swift in Sources */,
			);
			runOnlyForDeploymentPostprocessing = 0;
		};
		3482D2B31D43D9C8005BEBF9 /* Sources */ = {
			isa = PBXSourcesBuildPhase;
			buildActionMask = 2147483647;
			files = (
				3482D2BC1D43D9C8005BEBF9 /* Virtual_TouristUITests.swift in Sources */,
			);
			runOnlyForDeploymentPostprocessing = 0;
		};
/* End PBXSourcesBuildPhase section */

/* Begin PBXTargetDependency section */
		3482D2AE1D43D9C8005BEBF9 /* PBXTargetDependency */ = {
			isa = PBXTargetDependency;
			target = 3482D2971D43D9C7005BEBF9 /* Virtual Tourist */;
			targetProxy = 3482D2AD1D43D9C8005BEBF9 /* PBXContainerItemProxy */;
		};
		3482D2B91D43D9C8005BEBF9 /* PBXTargetDependency */ = {
			isa = PBXTargetDependency;
			target = 3482D2971D43D9C7005BEBF9 /* Virtual Tourist */;
			targetProxy = 3482D2B81D43D9C8005BEBF9 /* PBXContainerItemProxy */;
		};
/* End PBXTargetDependency section */

/* Begin PBXVariantGroup section */
		3482D29F1D43D9C7005BEBF9 /* Main.storyboard */ = {
			isa = PBXVariantGroup;
			children = (
				3482D2A01D43D9C7005BEBF9 /* Base */,
			);
			name = Main.storyboard;
			sourceTree = "<group>";
		};
		3482D2A41D43D9C8005BEBF9 /* LaunchScreen.storyboard */ = {
			isa = PBXVariantGroup;
			children = (
				3482D2A51D43D9C8005BEBF9 /* Base */,
			);
			name = LaunchScreen.storyboard;
			sourceTree = "<group>";
		};
/* End PBXVariantGroup section */

/* Begin XCBuildConfiguration section */
		3482D2BE1D43D9C8005BEBF9 /* Debug */ = {
			isa = XCBuildConfiguration;
			buildSettings = {
				ALWAYS_SEARCH_USER_PATHS = NO;
				CLANG_ANALYZER_NONNULL = YES;
				CLANG_CXX_LANGUAGE_STANDARD = "gnu++0x";
				CLANG_CXX_LIBRARY = "libc++";
				CLANG_ENABLE_MODULES = YES;
				CLANG_ENABLE_OBJC_ARC = YES;
				CLANG_WARN_BOOL_CONVERSION = YES;
				CLANG_WARN_CONSTANT_CONVERSION = YES;
				CLANG_WARN_DIRECT_OBJC_ISA_USAGE = YES_ERROR;
				CLANG_WARN_EMPTY_BODY = YES;
				CLANG_WARN_ENUM_CONVERSION = YES;
				CLANG_WARN_INT_CONVERSION = YES;
				CLANG_WARN_OBJC_ROOT_CLASS = YES_ERROR;
				CLANG_WARN_UNREACHABLE_CODE = YES;
				CLANG_WARN__DUPLICATE_METHOD_MATCH = YES;
				"CODE_SIGN_IDENTITY[sdk=iphoneos*]" = "iPhone Developer";
				COPY_PHASE_STRIP = NO;
				DEBUG_INFORMATION_FORMAT = dwarf;
				ENABLE_STRICT_OBJC_MSGSEND = YES;
				ENABLE_TESTABILITY = YES;
				GCC_C_LANGUAGE_STANDARD = gnu99;
				GCC_DYNAMIC_NO_PIC = NO;
				GCC_NO_COMMON_BLOCKS = YES;
				GCC_OPTIMIZATION_LEVEL = 0;
				GCC_PREPROCESSOR_DEFINITIONS = (
					"DEBUG=1",
					"$(inherited)",
				);
				GCC_WARN_64_TO_32_BIT_CONVERSION = YES;
				GCC_WARN_ABOUT_RETURN_TYPE = YES_ERROR;
				GCC_WARN_UNDECLARED_SELECTOR = YES;
				GCC_WARN_UNINITIALIZED_AUTOS = YES_AGGRESSIVE;
				GCC_WARN_UNUSED_FUNCTION = YES;
				GCC_WARN_UNUSED_VARIABLE = YES;
				IPHONEOS_DEPLOYMENT_TARGET = 9.3;
				MTL_ENABLE_DEBUG_INFO = YES;
				ONLY_ACTIVE_ARCH = YES;
				SDKROOT = iphoneos;
				SWIFT_OPTIMIZATION_LEVEL = "-Onone";
			};
			name = Debug;
		};
		3482D2BF1D43D9C8005BEBF9 /* Release */ = {
			isa = XCBuildConfiguration;
			buildSettings = {
				ALWAYS_SEARCH_USER_PATHS = NO;
				CLANG_ANALYZER_NONNULL = YES;
				CLANG_CXX_LANGUAGE_STANDARD = "gnu++0x";
				CLANG_CXX_LIBRARY = "libc++";
				CLANG_ENABLE_MODULES = YES;
				CLANG_ENABLE_OBJC_ARC = YES;
				CLANG_WARN_BOOL_CONVERSION = YES;
				CLANG_WARN_CONSTANT_CONVERSION = YES;
				CLANG_WARN_DIRECT_OBJC_ISA_USAGE = YES_ERROR;
				CLANG_WARN_EMPTY_BODY = YES;
				CLANG_WARN_ENUM_CONVERSION = YES;
				CLANG_WARN_INT_CONVERSION = YES;
				CLANG_WARN_OBJC_ROOT_CLASS = YES_ERROR;
				CLANG_WARN_UNREACHABLE_CODE = YES;
				CLANG_WARN__DUPLICATE_METHOD_MATCH = YES;
				"CODE_SIGN_IDENTITY[sdk=iphoneos*]" = "iPhone Developer";
				COPY_PHASE_STRIP = NO;
				DEBUG_INFORMATION_FORMAT = "dwarf-with-dsym";
				ENABLE_NS_ASSERTIONS = NO;
				ENABLE_STRICT_OBJC_MSGSEND = YES;
				GCC_C_LANGUAGE_STANDARD = gnu99;
				GCC_NO_COMMON_BLOCKS = YES;
				GCC_WARN_64_TO_32_BIT_CONVERSION = YES;
				GCC_WARN_ABOUT_RETURN_TYPE = YES_ERROR;
				GCC_WARN_UNDECLARED_SELECTOR = YES;
				GCC_WARN_UNINITIALIZED_AUTOS = YES_AGGRESSIVE;
				GCC_WARN_UNUSED_FUNCTION = YES;
				GCC_WARN_UNUSED_VARIABLE = YES;
				IPHONEOS_DEPLOYMENT_TARGET = 9.3;
				MTL_ENABLE_DEBUG_INFO = NO;
				SDKROOT = iphoneos;
				VALIDATE_PRODUCT = YES;
			};
			name = Release;
		};
		3482D2C11D43D9C8005BEBF9 /* Debug */ = {
			isa = XCBuildConfiguration;
			buildSettings = {
				ASSETCATALOG_COMPILER_APPICON_NAME = AppIcon;
				INFOPLIST_FILE = "Virtual Tourist/Info.plist";
				LD_RUNPATH_SEARCH_PATHS = "$(inherited) @executable_path/Frameworks";
				PRODUCT_BUNDLE_IDENTIFIER = "org.liquidsunset.Virtual-Tourist";
				PRODUCT_NAME = "$(TARGET_NAME)";
			};
			name = Debug;
		};
		3482D2C21D43D9C8005BEBF9 /* Release */ = {
			isa = XCBuildConfiguration;
			buildSettings = {
				ASSETCATALOG_COMPILER_APPICON_NAME = AppIcon;
				INFOPLIST_FILE = "Virtual Tourist/Info.plist";
				LD_RUNPATH_SEARCH_PATHS = "$(inherited) @executable_path/Frameworks";
				PRODUCT_BUNDLE_IDENTIFIER = "org.liquidsunset.Virtual-Tourist";
				PRODUCT_NAME = "$(TARGET_NAME)";
			};
			name = Release;
		};
		3482D2C41D43D9C8005BEBF9 /* Debug */ = {
			isa = XCBuildConfiguration;
			buildSettings = {
				BUNDLE_LOADER = "$(TEST_HOST)";
				INFOPLIST_FILE = "Virtual TouristTests/Info.plist";
				LD_RUNPATH_SEARCH_PATHS = "$(inherited) @executable_path/Frameworks @loader_path/Frameworks";
				PRODUCT_BUNDLE_IDENTIFIER = "org.liquidsunset.Virtual-TouristTests";
				PRODUCT_NAME = "$(TARGET_NAME)";
				TEST_HOST = "$(BUILT_PRODUCTS_DIR)/Virtual Tourist.app/Virtual Tourist";
			};
			name = Debug;
		};
		3482D2C51D43D9C8005BEBF9 /* Release */ = {
			isa = XCBuildConfiguration;
			buildSettings = {
				BUNDLE_LOADER = "$(TEST_HOST)";
				INFOPLIST_FILE = "Virtual TouristTests/Info.plist";
				LD_RUNPATH_SEARCH_PATHS = "$(inherited) @executable_path/Frameworks @loader_path/Frameworks";
				PRODUCT_BUNDLE_IDENTIFIER = "org.liquidsunset.Virtual-TouristTests";
				PRODUCT_NAME = "$(TARGET_NAME)";
				TEST_HOST = "$(BUILT_PRODUCTS_DIR)/Virtual Tourist.app/Virtual Tourist";
			};
			name = Release;
		};
		3482D2C71D43D9C8005BEBF9 /* Debug */ = {
			isa = XCBuildConfiguration;
			buildSettings = {
				INFOPLIST_FILE = "Virtual TouristUITests/Info.plist";
				LD_RUNPATH_SEARCH_PATHS = "$(inherited) @executable_path/Frameworks @loader_path/Frameworks";
				PRODUCT_BUNDLE_IDENTIFIER = "org.liquidsunset.Virtual-TouristUITests";
				PRODUCT_NAME = "$(TARGET_NAME)";
				TEST_TARGET_NAME = "Virtual Tourist";
			};
			name = Debug;
		};
		3482D2C81D43D9C8005BEBF9 /* Release */ = {
			isa = XCBuildConfiguration;
			buildSettings = {
				INFOPLIST_FILE = "Virtual TouristUITests/Info.plist";
				LD_RUNPATH_SEARCH_PATHS = "$(inherited) @executable_path/Frameworks @loader_path/Frameworks";
				PRODUCT_BUNDLE_IDENTIFIER = "org.liquidsunset.Virtual-TouristUITests";
				PRODUCT_NAME = "$(TARGET_NAME)";
				TEST_TARGET_NAME = "Virtual Tourist";
			};
			name = Release;
		};
/* End XCBuildConfiguration section */

/* Begin XCConfigurationList section */
		3482D2931D43D9C7005BEBF9 /* Build configuration list for PBXProject "Virtual Tourist" */ = {
			isa = XCConfigurationList;
			buildConfigurations = (
				3482D2BE1D43D9C8005BEBF9 /* Debug */,
				3482D2BF1D43D9C8005BEBF9 /* Release */,
			);
			defaultConfigurationIsVisible = 0;
			defaultConfigurationName = Release;
		};
		3482D2C01D43D9C8005BEBF9 /* Build configuration list for PBXNativeTarget "Virtual Tourist" */ = {
			isa = XCConfigurationList;
			buildConfigurations = (
				3482D2C11D43D9C8005BEBF9 /* Debug */,
				3482D2C21D43D9C8005BEBF9 /* Release */,
			);
			defaultConfigurationIsVisible = 0;
		};
		3482D2C31D43D9C8005BEBF9 /* Build configuration list for PBXNativeTarget "Virtual TouristTests" */ = {
			isa = XCConfigurationList;
			buildConfigurations = (
				3482D2C41D43D9C8005BEBF9 /* Debug */,
				3482D2C51D43D9C8005BEBF9 /* Release */,
			);
			defaultConfigurationIsVisible = 0;
		};
		3482D2C61D43D9C8005BEBF9 /* Build configuration list for PBXNativeTarget "Virtual TouristUITests" */ = {
			isa = XCConfigurationList;
			buildConfigurations = (
				3482D2C71D43D9C8005BEBF9 /* Debug */,
				3482D2C81D43D9C8005BEBF9 /* Release */,
			);
			defaultConfigurationIsVisible = 0;
		};
/* End XCConfigurationList section */
	};
	rootObject = 3482D2901D43D9C7005BEBF9 /* Project object */;
}
